
Microsoft Visual Studio Solution File, Format Version 12.00
# Visual Studio Version 16
VisualStudioVersion = 16.0.31205.134
MinimumVisualStudioVersion = 10.0.40219.1
Project("{9A19103F-16F7-4668-BE54-9A1E7A4F7556}") = "Psim", "Psim.csproj", "{154B6894-D779-4365-AABA-2B5B37180B11}"
EndProject
Project("{FAE04EC0-301F-11D3-BF4B-00C04F79EFBC}") = "Geometryunit2d", "..\Geometryunit2d\Geometryunit2d.csproj", "{6B35BCEF-E024-47C8-A92B-06301519D73B}"
EndProject
Global
	GlobalSection(SolutionConfigurationPlatforms) = preSolution
		Debug|Any CPU = Debug|Any CPU
		Release|Any CPU = Release|Any CPU
	EndGlobalSection
	GlobalSection(ProjectConfigurationPlatforms) = postSolution
		{154B6894-D779-4365-AABA-2B5B37180B11}.Debug|Any CPU.ActiveCfg = Debug|Any CPU
		{154B6894-D779-4365-AABA-2B5B37180B11}.Debug|Any CPU.Build.0 = Debug|Any CPU
		{154B6894-D779-4365-AABA-2B5B37180B11}.Release|Any CPU.ActiveCfg = Release|Any CPU
		{154B6894-D779-4365-AABA-2B5B37180B11}.Release|Any CPU.Build.0 = Release|Any CPU
		{6B35BCEF-E024-47C8-A92B-06301519D73B}.Debug|Any CPU.ActiveCfg = Debug|Any CPU
		{6B35BCEF-E024-47C8-A92B-06301519D73B}.Debug|Any CPU.Build.0 = Debug|Any CPU
		{6B35BCEF-E024-47C8-A92B-06301519D73B}.Release|Any CPU.ActiveCfg = Release|Any CPU
		{6B35BCEF-E024-47C8-A92B-06301519D73B}.Release|Any CPU.Build.0 = Release|Any CPU
	EndGlobalSection
	GlobalSection(SolutionProperties) = preSolution
		HideSolutionNode = FALSE
	EndGlobalSection
	GlobalSection(ExtensibilityGlobals) = postSolution
		SolutionGuid = {33E0E7A1-991D-4C98-BF74-981506984D25}
	EndGlobalSection
EndGlobal
