
Microsoft Visual Studio Solution File, Format Version 12.00
# Visual Studio Version 16
VisualStudioVersion = 16.0.31205.134
MinimumVisualStudioVersion = 10.0.40219.1
Project("{FAE04EC0-301F-11D3-BF4B-00C04F79EFBC}") = "ConsoleApp11", "ConsoleApp11.csproj", "{B1E8CD76-B55D-4691-9E57-6F08A6DA08E9}"
EndProject
Global
	GlobalSection(SolutionConfigurationPlatforms) = preSolution
		Debug|Any CPU = Debug|Any CPU
		Release|Any CPU = Release|Any CPU
	EndGlobalSection
	GlobalSection(ProjectConfigurationPlatforms) = postSolution
		{B1E8CD76-B55D-4691-9E57-6F08A6DA08E9}.Debug|Any CPU.ActiveCfg = Debug|Any CPU
		{B1E8CD76-B55D-4691-9E57-6F08A6DA08E9}.Debug|Any CPU.Build.0 = Debug|Any CPU
		{B1E8CD76-B55D-4691-9E57-6F08A6DA08E9}.Release|Any CPU.ActiveCfg = Release|Any CPU
		{B1E8CD76-B55D-4691-9E57-6F08A6DA08E9}.Release|Any CPU.Build.0 = Release|Any CPU
	EndGlobalSection
	GlobalSection(SolutionProperties) = preSolution
		HideSolutionNode = FALSE
	EndGlobalSection
	GlobalSection(ExtensibilityGlobals) = postSolution
		SolutionGuid = {B178BB5D-C7F5-40B0-AE7D-333C969CC3F6}
	EndGlobalSection
EndGlobal
